
Microsoft Visual Studio Solution File, Format Version 12.00
# Visual Studio 2012
Project("{E24C65DC-7377-472B-9ABA-BC803B73C61A}") = "eLang.Web", ".", "{3C10908E-E0C6-434C-AB1B-3BD5B1B9B6D8}"
	ProjectSection(WebsiteProperties) = preProject
		TargetFrameworkMoniker = ".NETFramework,Version%3Dv4.0"
		Debug.AspNetCompiler.VirtualPath = "/eLang.Web"
		Debug.AspNetCompiler.PhysicalPath = "..\eLang.Web\"
		Debug.AspNetCompiler.TargetPath = "PrecompiledWeb\eLang.Web\"
		Debug.AspNetCompiler.Updateable = "true"
		Debug.AspNetCompiler.ForceOverwrite = "true"
		Debug.AspNetCompiler.FixedNames = "false"
		Debug.AspNetCompiler.Debug = "True"
		Release.AspNetCompiler.VirtualPath = "/eLang.Web"
		Release.AspNetCompiler.PhysicalPath = "..\eLang.Web\"
		Release.AspNetCompiler.TargetPath = "PrecompiledWeb\eLang.Web\"
		Release.AspNetCompiler.Updateable = "true"
		Release.AspNetCompiler.ForceOverwrite = "true"
		Release.AspNetCompiler.FixedNames = "false"
		Release.AspNetCompiler.Debug = "False"
		VWDPort = "1867"
	EndProjectSection
EndProject
Global
	GlobalSection(SolutionConfigurationPlatforms) = preSolution
		Debug|Any CPU = Debug|Any CPU
	EndGlobalSection
	GlobalSection(ProjectConfigurationPlatforms) = postSolution
		{3C10908E-E0C6-434C-AB1B-3BD5B1B9B6D8}.Debug|Any CPU.ActiveCfg = Debug|Any CPU
		{3C10908E-E0C6-434C-AB1B-3BD5B1B9B6D8}.Debug|Any CPU.Build.0 = Debug|Any CPU
	EndGlobalSection
	GlobalSection(SolutionProperties) = preSolution
		HideSolutionNode = FALSE
	EndGlobalSection
EndGlobal
